// !$*UTF8*$!
{
	archiveVersion = 1;
	classes = {
	};
	objectVersion = 46;
	objects = {

/* Begin PBXBuildFile section */
		E113E5E31A373783006ACC8B /* SHCWindowController.m in Sources */ = {isa = PBXBuildFile; fileRef = E113E5E11A373783006ACC8B /* SHCWindowController.m */; };
		E113E5EC1A3759C4006ACC8B /* MainMenu.xib in Resources */ = {isa = PBXBuildFile; fileRef = E113E5EA1A3759C4006ACC8B /* MainMenu.xib */; };
		E113E5ED1A3759C4006ACC8B /* SHCWindowController.xib in Resources */ = {isa = PBXBuildFile; fileRef = E113E5EB1A3759C4006ACC8B /* SHCWindowController.xib */; };
		E184066E1A2E198700CAA733 /* SHCWebView.m in Sources */ = {isa = PBXBuildFile; fileRef = E184066D1A2E198700CAA733 /* SHCWebView.m */; };
		E1FD8CF21A2C917500E254E7 /* AppDelegate.m in Sources */ = {isa = PBXBuildFile; fileRef = E1FD8CEC1A2C917500E254E7 /* AppDelegate.m */; };
		E1FD8CF41A2C917500E254E7 /* Images.xcassets in Resources */ = {isa = PBXBuildFile; fileRef = E1FD8CEF1A2C917500E254E7 /* Images.xcassets */; };
		E1FD8CF51A2C917500E254E7 /* Info.plist in Resources */ = {isa = PBXBuildFile; fileRef = E1FD8CF01A2C917500E254E7 /* Info.plist */; };
		E1FD8CF61A2C917500E254E7 /* main.m in Sources */ = {isa = PBXBuildFile; fileRef = E1FD8CF11A2C917500E254E7 /* main.m */; };
/* End PBXBuildFile section */

/* Begin PBXFileReference section */
		E109EAF41A2C905900E42A7E /* SHCWebViewExample.app */ = {isa = PBXFileReference; explicitFileType = wrapper.application; includeInIndex = 0; path = SHCWebViewExample.app; sourceTree = BUILT_PRODUCTS_DIR; };
		E113E5E01A373783006ACC8B /* SHCWindowController.h */ = {isa = PBXFileReference; fileEncoding = 4; lastKnownFileType = sourcecode.c.h; path = SHCWindowController.h; sourceTree = "<group>"; };
		E113E5E11A373783006ACC8B /* SHCWindowController.m */ = {isa = PBXFileReference; fileEncoding = 4; lastKnownFileType = sourcecode.c.objc; path = SHCWindowController.m; sourceTree = "<group>"; };
		E113E5EA1A3759C4006ACC8B /* MainMenu.xib */ = {isa = PBXFileReference; fileEncoding = 4; lastKnownFileType = file.xib; path = MainMenu.xib; sourceTree = "<group>"; };
		E113E5EB1A3759C4006ACC8B /* SHCWindowController.xib */ = {isa = PBXFileReference; fileEncoding = 4; lastKnownFileType = file.xib; path = SHCWindowController.xib; sourceTree = "<group>"; };
		E184066C1A2E198700CAA733 /* SHCWebView.h */ = {isa = PBXFileReference; fileEncoding = 4; lastKnownFileType = sourcecode.c.h; path = SHCWebView.h; sourceTree = "<group>"; };
		E184066D1A2E198700CAA733 /* SHCWebView.m */ = {isa = PBXFileReference; fileEncoding = 4; lastKnownFileType = sourcecode.c.objc; path = SHCWebView.m; sourceTree = "<group>"; };
		E1FD8CEB1A2C917500E254E7 /* AppDelegate.h */ = {isa = PBXFileReference; fileEncoding = 4; lastKnownFileType = sourcecode.c.h; path = AppDelegate.h; sourceTree = "<group>"; };
		E1FD8CEC1A2C917500E254E7 /* AppDelegate.m */ = {isa = PBXFileReference; fileEncoding = 4; lastKnownFileType = sourcecode.c.objc; path = AppDelegate.m; sourceTree = "<group>"; };
		E1FD8CEF1A2C917500E254E7 /* Images.xcassets */ = {isa = PBXFileReference; lastKnownFileType = folder.assetcatalog; path = Images.xcassets; sourceTree = "<group>"; };
		E1FD8CF01A2C917500E254E7 /* Info.plist */ = {isa = PBXFileReference; fileEncoding = 4; lastKnownFileType = text.plist.xml; path = Info.plist; sourceTree = "<group>"; };
		E1FD8CF11A2C917500E254E7 /* main.m */ = {isa = PBXFileReference; fileEncoding = 4; lastKnownFileType = sourcecode.c.objc; path = main.m; sourceTree = "<group>"; };
/* End PBXFileReference section */

/* Begin PBXFrameworksBuildPhase section */
		E109EAF11A2C905900E42A7E /* Frameworks */ = {
			isa = PBXFrameworksBuildPhase;
			buildActionMask = 2147483647;
			files = (
			);
			runOnlyForDeploymentPostprocessing = 0;
		};
/* End PBXFrameworksBuildPhase section */

/* Begin PBXGroup section */
		E109EAEB1A2C905900E42A7E = {
			isa = PBXGroup;
			children = (
				E1FD8CEA1A2C917500E254E7 /* SHCWebViewExample */,
				E109EAF51A2C905900E42A7E /* Products */,
			);
			sourceTree = "<group>";
		};
		E109EAF51A2C905900E42A7E /* Products */ = {
			isa = PBXGroup;
			children = (
				E109EAF41A2C905900E42A7E /* SHCWebViewExample.app */,
			);
			name = Products;
			sourceTree = "<group>";
		};
		E184066B1A2E198700CAA733 /* src */ = {
			isa = PBXGroup;
			children = (
				E184066C1A2E198700CAA733 /* SHCWebView.h */,
				E184066D1A2E198700CAA733 /* SHCWebView.m */,
			);
			name = src;
			path = ../../src;
			sourceTree = "<group>";
		};
		E1FD8CEA1A2C917500E254E7 /* SHCWebViewExample */ = {
			isa = PBXGroup;
			children = (
				E184066B1A2E198700CAA733 /* src */,
				E1FD8CEB1A2C917500E254E7 /* AppDelegate.h */,
				E1FD8CEC1A2C917500E254E7 /* AppDelegate.m */,
				E113E5E01A373783006ACC8B /* SHCWindowController.h */,
				E113E5E11A373783006ACC8B /* SHCWindowController.m */,
				E113E5EB1A3759C4006ACC8B /* SHCWindowController.xib */,
				E113E5EA1A3759C4006ACC8B /* MainMenu.xib */,
				E1FD8CEF1A2C917500E254E7 /* Images.xcassets */,
				E1FD8CF01A2C917500E254E7 /* Info.plist */,
				E1FD8CF11A2C917500E254E7 /* main.m */,
			);
			path = SHCWebViewExample;
			sourceTree = "<group>";
		};
/* End PBXGroup section */

/* Begin PBXNativeTarget section */
		E109EAF31A2C905900E42A7E /* SHCWebViewExample */ = {
			isa = PBXNativeTarget;
			buildConfigurationList = E109EB111A2C905A00E42A7E /* Build configuration list for PBXNativeTarget "SHCWebViewExample" */;
			buildPhases = (
				E109EAF01A2C905900E42A7E /* Sources */,
				E109EAF11A2C905900E42A7E /* Frameworks */,
				E109EAF21A2C905900E42A7E /* Resources */,
			);
			buildRules = (
			);
			dependencies = (
			);
			name = SHCWebViewExample;
			productName = SHCWebView;
			productReference = E109EAF41A2C905900E42A7E /* SHCWebViewExample.app */;
			productType = "com.apple.product-type.application";
		};
/* End PBXNativeTarget section */

/* Begin PBXProject section */
		E109EAEC1A2C905900E42A7E /* Project object */ = {
			isa = PBXProject;
			attributes = {
				LastUpgradeCheck = 0610;
				ORGANIZATIONNAME = Metasprint;
				TargetAttributes = {
					E109EAF31A2C905900E42A7E = {
						CreatedOnToolsVersion = 6.1;
					};
				};
			};
			buildConfigurationList = E109EAEF1A2C905900E42A7E /* Build configuration list for PBXProject "SHCWebViewExample" */;
			compatibilityVersion = "Xcode 3.2";
			developmentRegion = English;
			hasScannedForEncodings = 0;
			knownRegions = (
				en,
			);
			mainGroup = E109EAEB1A2C905900E42A7E;
			productRefGroup = E109EAF51A2C905900E42A7E /* Products */;
			projectDirPath = "";
			projectRoot = "";
			targets = (
				E109EAF31A2C905900E42A7E /* SHCWebViewExample */,
			);
		};
/* End PBXProject section */

/* Begin PBXResourcesBuildPhase section */
		E109EAF21A2C905900E42A7E /* Resources */ = {
			isa = PBXResourcesBuildPhase;
			buildActionMask = 2147483647;
			files = (
				E1FD8CF41A2C917500E254E7 /* Images.xcassets in Resources */,
				E1FD8CF51A2C917500E254E7 /* Info.plist in Resources */,
				E113E5ED1A3759C4006ACC8B /* SHCWindowController.xib in Resources */,
				E113E5EC1A3759C4006ACC8B /* MainMenu.xib in Resources */,
			);
			runOnlyForDeploymentPostprocessing = 0;
		};
/* End PBXResourcesBuildPhase section */

/* Begin PBXSourcesBuildPhase section */
		E109EAF01A2C905900E42A7E /* Sources */ = {
			isa = PBXSourcesBuildPhase;
			buildActionMask = 2147483647;
			files = (
				E1FD8CF61A2C917500E254E7 /* main.m in Sources */,
				E1FD8CF21A2C917500E254E7 /* AppDelegate.m in Sources */,
				E113E5E31A373783006ACC8B /* SHCWindowController.m in Sources */,
				E184066E1A2E198700CAA733 /* SHCWebView.m in Sources */,
			);
			runOnlyForDeploymentPostprocessing = 0;
		};
/* End PBXSourcesBuildPhase section */

/* Begin XCBuildConfiguration section */
		E109EB0F1A2C905A00E42A7E /* Debug */ = {
			isa = XCBuildConfiguration;
			buildSettings = {
				ALWAYS_SEARCH_USER_PATHS = NO;
				CLANG_CXX_LANGUAGE_STANDARD = "gnu++0x";
				CLANG_CXX_LIBRARY = "libc++";
				CLANG_ENABLE_MODULES = YES;
				CLANG_ENABLE_OBJC_ARC = YES;
				CLANG_WARN_BOOL_CONVERSION = YES;
				CLANG_WARN_CONSTANT_CONVERSION = YES;
				CLANG_WARN_DIRECT_OBJC_ISA_USAGE = YES_ERROR;
				CLANG_WARN_EMPTY_BODY = YES;
				CLANG_WARN_ENUM_CONVERSION = YES;
				CLANG_WARN_INT_CONVERSION = YES;
				CLANG_WARN_OBJC_ROOT_CLASS = YES_ERROR;
				CLANG_WARN_UNREACHABLE_CODE = YES;
				CLANG_WARN__DUPLICATE_METHOD_MATCH = YES;
				CODE_SIGN_IDENTITY = "-";
				COPY_PHASE_STRIP = NO;
				ENABLE_STRICT_OBJC_MSGSEND = YES;
				GCC_C_LANGUAGE_STANDARD = gnu99;
				GCC_DYNAMIC_NO_PIC = NO;
				GCC_OPTIMIZATION_LEVEL = 0;
				GCC_PREPROCESSOR_DEFINITIONS = (
					"DEBUG=1",
					"$(inherited)",
				);
				GCC_SYMBOLS_PRIVATE_EXTERN = NO;
				GCC_WARN_64_TO_32_BIT_CONVERSION = YES;
				GCC_WARN_ABOUT_RETURN_TYPE = YES_ERROR;
				GCC_WARN_UNDECLARED_SELECTOR = YES;
				GCC_WARN_UNINITIALIZED_AUTOS = YES_AGGRESSIVE;
				GCC_WARN_UNUSED_FUNCTION = YES;
				GCC_WARN_UNUSED_VARIABLE = YES;
				MACOSX_DEPLOYMENT_TARGET = 10.7;
				MTL_ENABLE_DEBUG_INFO = YES;
				ONLY_ACTIVE_ARCH = YES;
				SDKROOT = macosx;
			};
			name = Debug;
		};
		E109EB101A2C905A00E42A7E /* Release */ = {
			isa = XCBuildConfiguration;
			buildSettings = {
				ALWAYS_SEARCH_USER_PATHS = NO;
				CLANG_CXX_LANGUAGE_STANDARD = "gnu++0x";
				CLANG_CXX_LIBRARY = "libc++";
				CLANG_ENABLE_MODULES = YES;
				CLANG_ENABLE_OBJC_ARC = YES;
				CLANG_WARN_BOOL_CONVERSION = YES;
				CLANG_WARN_CONSTANT_CONVERSION = YES;
				CLANG_WARN_DIRECT_OBJC_ISA_USAGE = YES_ERROR;
				CLANG_WARN_EMPTY_BODY = YES;
				CLANG_WARN_ENUM_CONVERSION = YES;
				CLANG_WARN_INT_CONVERSION = YES;
				CLANG_WARN_OBJC_ROOT_CLASS = YES_ERROR;
				CLANG_WARN_UNREACHABLE_CODE = YES;
				CLANG_WARN__DUPLICATE_METHOD_MATCH = YES;
				CODE_SIGN_IDENTITY = "-";
				COPY_PHASE_STRIP = YES;
				DEBUG_INFORMATION_FORMAT = "dwarf-with-dsym";
				ENABLE_NS_ASSERTIONS = NO;
				ENABLE_STRICT_OBJC_MSGSEND = YES;
				GCC_C_LANGUAGE_STANDARD = gnu99;
				GCC_WARN_64_TO_32_BIT_CONVERSION = YES;
				GCC_WARN_ABOUT_RETURN_TYPE = YES_ERROR;
				GCC_WARN_UNDECLARED_SELECTOR = YES;
				GCC_WARN_UNINITIALIZED_AUTOS = YES_AGGRESSIVE;
				GCC_WARN_UNUSED_FUNCTION = YES;
				GCC_WARN_UNUSED_VARIABLE = YES;
				MACOSX_DEPLOYMENT_TARGET = 10.7;
				MTL_ENABLE_DEBUG_INFO = NO;
				SDKROOT = macosx;
			};
			name = Release;
		};
		E109EB121A2C905A00E42A7E /* Debug */ = {
			isa = XCBuildConfiguration;
			buildSettings = {
				ASSETCATALOG_COMPILER_APPICON_NAME = AppIcon;
				COMBINE_HIDPI_IMAGES = YES;
				INFOPLIST_FILE = "$(SRCROOT)/SHCWebViewExample/Info.plist";
				LD_RUNPATH_SEARCH_PATHS = "$(inherited) @executable_path/../Frameworks";
				PRODUCT_NAME = "$(TARGET_NAME)";
			};
			name = Debug;
		};
		E109EB131A2C905A00E42A7E /* Release */ = {
			isa = XCBuildConfiguration;
			buildSettings = {
				ASSETCATALOG_COMPILER_APPICON_NAME = AppIcon;
				COMBINE_HIDPI_IMAGES = YES;
				INFOPLIST_FILE = "$(SRCROOT)/SHCWebViewExample/Info.plist";
				LD_RUNPATH_SEARCH_PATHS = "$(inherited) @executable_path/../Frameworks";
				PRODUCT_NAME = "$(TARGET_NAME)";
			};
			name = Release;
		};
/* End XCBuildConfiguration section */

/* Begin XCConfigurationList section */
		E109EAEF1A2C905900E42A7E /* Build configuration list for PBXProject "SHCWebViewExample" */ = {
			isa = XCConfigurationList;
			buildConfigurations = (
				E109EB0F1A2C905A00E42A7E /* Debug */,
				E109EB101A2C905A00E42A7E /* Release */,
			);
			defaultConfigurationIsVisible = 0;
			defaultConfigurationName = Release;
		};
		E109EB111A2C905A00E42A7E /* Build configuration list for PBXNativeTarget "SHCWebViewExample" */ = {
			isa = XCConfigurationList;
			buildConfigurations = (
				E109EB121A2C905A00E42A7E /* Debug */,
				E109EB131A2C905A00E42A7E /* Release */,
			);
			defaultConfigurationIsVisible = 0;
			defaultConfigurationName = Release;
		};
/* End XCConfigurationList section */
	};
	rootObject = E109EAEC1A2C905900E42A7E /* Project object */;
}
